{
    "name": "@jf/build-index",
    "version": "1.0.0",
    "lockfileVersion": 1,
    "requires": true,
    "dependencies": {
        "@jf/cc2sep": {
            "version": "2.0.0",
            "resolved": "https://registry.npmjs.org/@jf/cc2sep/-/cc2sep-2.0.0.tgz",
            "integrity": "sha512-ITTsODgqqZtQhkY58edFz+HvrmljEykKQOycnbuoDqKKLbFaL1N1YvXUw1SQKDCZig4gHGtmoXEn8KmDC04C+Q==",
            "requires": {
                "@jf/regexcape": "^2.0.0"
            }
        },
        "@jf/fs": {
            "version": "3.0.1",
            "resolved": "https://registry.npmjs.org/@jf/fs/-/fs-3.0.1.tgz",
            "integrity": "sha512-r29JfaUWCxGW4vvtWA6GKvbtunlYtYtSJKi6ZDVoAdbJdjG/RSws9tv0YXZbLF3IhNDa6TBPi7rY3rZ3gqYb8g=="
        },
        "@jf/prop-sep": {
            "version": "3.0.0",
            "resolved": "https://registry.npmjs.org/@jf/prop-sep/-/prop-sep-3.0.0.tgz",
            "integrity": "sha512-cOAyrTBxXLVmBa8YCwCj8rr/xUQ8Y6Sp8o6/zKl/XZMZTRTETxSUloCbtk4wHhcH+M3g/wiA3DOlcsYi5wjAlg=="
        },
        "@jf/regexcape": {
            "version": "2.0.0",
            "resolved": "https://registry.npmjs.org/@jf/regexcape/-/regexcape-2.0.0.tgz",
            "integrity": "sha512-qFNLFz8RZFEwfOM3GYuVsxnOlqoBsAQ6fg/q7CPg38N6x+TeUztnCsAYGZYH5DpfrCdgwJFe2gO44yuvSVU5Ag=="
        },
        "@jf/sep2cc": {
            "version": "2.0.0",
            "resolved": "https://registry.npmjs.org/@jf/sep2cc/-/sep2cc-2.0.0.tgz",
            "integrity": "sha512-lsgzTYsZrYRJXcgoSt9AMN98l9XulDXaRd+YLrB1IJn/d7YuvToLEEVTg220yhQ2ZRJugPh/y/3yRqVGRlZAZg==",
            "requires": {
                "@jf/regexcape": "^2.0.0"
            }
        },
        "mustache": {
            "version": "3.0.1",
            "resolved": "https://registry.npmjs.org/mustache/-/mustache-3.0.1.tgz",
            "integrity": "sha512-jFI/4UVRsRYdUbuDTKT7KzfOp7FiD5WzYmmwNwXyUVypC0xjoTL78Fqc0jHUPIvvGD+6DQSPHIt1NE7D1ArsqA=="
        },
        "node-getopt": {
            "version": "0.2.4",
            "resolved": "https://registry.npmjs.org/node-getopt/-/node-getopt-0.2.4.tgz",
            "integrity": "sha512-06LC4wHO+nyH0J07dUzFsZTVZMsMMKTkXo8BUTmuYbJhbsKX2cVDn2xADoFqjbnBYThVlGSlaM10CDyEi+48Iw=="
        }
    }
}
